
Microsoft Visual Studio Solution File, Format Version 12.00
# Visual Studio 15
VisualStudioVersion = 15.0.27130.2027
MinimumVisualStudioVersion = 10.0.40219.1
Project("{FAE04EC0-301F-11D3-BF4B-00C04F79EFBC}") = "DistanceVectorRouting", "DistanceVectorRouting\DistanceVectorRouting.csproj", "{B35D34A1-7758-4557-9756-CEBD04B87221}"
EndProject
Global
	GlobalSection(SolutionConfigurationPlatforms) = preSolution
		Debug|Any CPU = Debug|Any CPU
		Release|Any CPU = Release|Any CPU
	EndGlobalSection
	GlobalSection(ProjectConfigurationPlatforms) = postSolution
		{B35D34A1-7758-4557-9756-CEBD04B87221}.Debug|Any CPU.ActiveCfg = Debug|Any CPU
		{B35D34A1-7758-4557-9756-CEBD04B87221}.Debug|Any CPU.Build.0 = Debug|Any CPU
		{B35D34A1-7758-4557-9756-CEBD04B87221}.Release|Any CPU.ActiveCfg = Release|Any CPU
		{B35D34A1-7758-4557-9756-CEBD04B87221}.Release|Any CPU.Build.0 = Release|Any CPU
	EndGlobalSection
	GlobalSection(SolutionProperties) = preSolution
		HideSolutionNode = FALSE
	EndGlobalSection
	GlobalSection(ExtensibilityGlobals) = postSolution
		SolutionGuid = {563794D9-B23D-4182-AA31-DA9270C1ACEB}
	EndGlobalSection
EndGlobal
